
Microsoft Visual Studio Solution File, Format Version 12.00
Project("{FAE04EC0-301F-11D3-BF4B-00C04F79EFBC}") = "WpfApp1", "WpfApp1\WpfApp1.csproj", "{2581B1F7-C004-4D69-B402-16F830D63585}"
EndProject
Global
	GlobalSection(SolutionConfigurationPlatforms) = preSolution
		Debug|Any CPU = Debug|Any CPU
		Release|Any CPU = Release|Any CPU
	EndGlobalSection
	GlobalSection(ProjectConfigurationPlatforms) = postSolution
		{2581B1F7-C004-4D69-B402-16F830D63585}.Debug|Any CPU.ActiveCfg = Debug|Any CPU
		{2581B1F7-C004-4D69-B402-16F830D63585}.Debug|Any CPU.Build.0 = Debug|Any CPU
		{2581B1F7-C004-4D69-B402-16F830D63585}.Release|Any CPU.ActiveCfg = Release|Any CPU
		{2581B1F7-C004-4D69-B402-16F830D63585}.Release|Any CPU.Build.0 = Release|Any CPU
	EndGlobalSection
EndGlobal
